
Microsoft Visual Studio Solution File, Format Version 12.00
# Visual Studio Version 16
VisualStudioVersion = 16.0.29503.13
MinimumVisualStudioVersion = 10.0.40219.1
Project("{FAE04EC0-301F-11D3-BF4B-00C04F79EFBC}") = "Munwalk", "Munwalk.csproj", "{3AB3938E-394A-4AA9-8324-5F56929A12A8}"
EndProject
Global
	GlobalSection(SolutionConfigurationPlatforms) = preSolution
		Debug|Any CPU = Debug|Any CPU
		Release|Any CPU = Release|Any CPU
	EndGlobalSection
	GlobalSection(ProjectConfigurationPlatforms) = postSolution
		{3AB3938E-394A-4AA9-8324-5F56929A12A8}.Debug|Any CPU.ActiveCfg = Debug|Any CPU
		{3AB3938E-394A-4AA9-8324-5F56929A12A8}.Debug|Any CPU.Build.0 = Debug|Any CPU
		{3AB3938E-394A-4AA9-8324-5F56929A12A8}.Release|Any CPU.ActiveCfg = Release|Any CPU
		{3AB3938E-394A-4AA9-8324-5F56929A12A8}.Release|Any CPU.Build.0 = Release|Any CPU
	EndGlobalSection
	GlobalSection(SolutionProperties) = preSolution
		HideSolutionNode = FALSE
	EndGlobalSection
	GlobalSection(ExtensibilityGlobals) = postSolution
		SolutionGuid = {848BFD3C-9221-4362-A77C-F37B274B2E64}
	EndGlobalSection
EndGlobal
